
Microsoft Visual Studio Solution File, Format Version 12.00
# Visual Studio Version 17
VisualStudioVersion = 17.11.35327.3
MinimumVisualStudioVersion = 10.0.40219.1
Project("{9A19103F-16F7-4668-BE54-9A1E7A4F7556}") = "BankApp.Web", "BankAppWeb\BankApp.Web.csproj", "{CDE58FBE-425B-4F82-B045-B236B395D2FA}"
EndProject
Project("{9A19103F-16F7-4668-BE54-9A1E7A4F7556}") = "BankApp.API", "BankAppAPI\BankApp.API.csproj", "{A7A410B5-2A9D-4548-BA1C-2E14CF91E34A}"
EndProject
Global
	GlobalSection(SolutionConfigurationPlatforms) = preSolution
		Debug|Any CPU = Debug|Any CPU
		Release|Any CPU = Release|Any CPU
	EndGlobalSection
	GlobalSection(ProjectConfigurationPlatforms) = postSolution
		{CDE58FBE-425B-4F82-B045-B236B395D2FA}.Debug|Any CPU.ActiveCfg = Debug|Any CPU
		{CDE58FBE-425B-4F82-B045-B236B395D2FA}.Debug|Any CPU.Build.0 = Debug|Any CPU
		{CDE58FBE-425B-4F82-B045-B236B395D2FA}.Release|Any CPU.ActiveCfg = Release|Any CPU
		{CDE58FBE-425B-4F82-B045-B236B395D2FA}.Release|Any CPU.Build.0 = Release|Any CPU
		{A7A410B5-2A9D-4548-BA1C-2E14CF91E34A}.Debug|Any CPU.ActiveCfg = Debug|Any CPU
		{A7A410B5-2A9D-4548-BA1C-2E14CF91E34A}.Debug|Any CPU.Build.0 = Debug|Any CPU
		{A7A410B5-2A9D-4548-BA1C-2E14CF91E34A}.Release|Any CPU.ActiveCfg = Release|Any CPU
		{A7A410B5-2A9D-4548-BA1C-2E14CF91E34A}.Release|Any CPU.Build.0 = Release|Any CPU
	EndGlobalSection
	GlobalSection(SolutionProperties) = preSolution
		HideSolutionNode = FALSE
	EndGlobalSection
	GlobalSection(ExtensibilityGlobals) = postSolution
		SolutionGuid = {70426CF4-7391-478C-AC5E-8D7AE97CC034}
	EndGlobalSection
EndGlobal
