
Microsoft Visual Studio Solution File, Format Version 12.00
# Visual Studio Version 17
VisualStudioVersion = 17.11.35327.3
MinimumVisualStudioVersion = 10.0.40219.1
Project("{FAE04EC0-301F-11D3-BF4B-00C04F79EFBC}") = "FileHandling", "FileHandling.csproj", "{234C10E3-D5F1-4342-82AE-DF6467FBFD71}"
EndProject
Global
	GlobalSection(SolutionConfigurationPlatforms) = preSolution
		Debug|Any CPU = Debug|Any CPU
		Release|Any CPU = Release|Any CPU
	EndGlobalSection
	GlobalSection(ProjectConfigurationPlatforms) = postSolution
		{234C10E3-D5F1-4342-82AE-DF6467FBFD71}.Debug|Any CPU.ActiveCfg = Debug|Any CPU
		{234C10E3-D5F1-4342-82AE-DF6467FBFD71}.Debug|Any CPU.Build.0 = Debug|Any CPU
		{234C10E3-D5F1-4342-82AE-DF6467FBFD71}.Release|Any CPU.ActiveCfg = Release|Any CPU
		{234C10E3-D5F1-4342-82AE-DF6467FBFD71}.Release|Any CPU.Build.0 = Release|Any CPU
	EndGlobalSection
	GlobalSection(SolutionProperties) = preSolution
		HideSolutionNode = FALSE
	EndGlobalSection
	GlobalSection(ExtensibilityGlobals) = postSolution
		SolutionGuid = {D0B17E95-7330-46D1-AF0E-E221FBA1CCF2}
	EndGlobalSection
EndGlobal
